
Microsoft Visual Studio Solution File, Format Version 12.00
# Visual Studio Version 16
VisualStudioVersion = 16.0.29009.5
MinimumVisualStudioVersion = 10.0.40219.1
Project("{2150E333-8FDC-42A3-9474-1A3956D46DE8}") = "SolutionItems", "SolutionItems", "{030C818A-D208-48F0-B560-D47507D31C93}"
	ProjectSection(SolutionItems) = preProject
		GlobalAssemblyInfo.cs = GlobalAssemblyInfo.cs
	EndProjectSection
EndProject
Project("{FAE04EC0-301F-11D3-BF4B-00C04F79EFBC}") = "DevOps.Portal.Domain", "DevOps.Portal.Domain\DevOps.Portal.Domain.csproj", "{CB2C84C3-F5DB-48BA-81D4-DD2277E4FF26}"
EndProject
Project("{FAE04EC0-301F-11D3-BF4B-00C04F79EFBC}") = "DevOps.Portal.Tests", "DevOps.Portal.Tests\DevOps.Portal.Tests.csproj", "{B53D0459-D19C-42CF-B8E6-72A3DB6176CE}"
EndProject
Project("{FAE04EC0-301F-11D3-BF4B-00C04F79EFBC}") = "DevOps.Portal.Application", "DevOps.Portal.Application\DevOps.Portal.Application.csproj", "{4A78A1ED-910C-4C6B-8F73-46A11993C215}"
EndProject
Project("{FAE04EC0-301F-11D3-BF4B-00C04F79EFBC}") = "DevOps.Portal.Infrastructure", "DevOps.Portal.Infrastructure\DevOps.Portal.Infrastructure.csproj", "{3F3AC37B-ED9E-475A-99B2-288BFE34CB61}"
EndProject
Project("{FAE04EC0-301F-11D3-BF4B-00C04F79EFBC}") = "DevOps.Portal.Common", "DevOps.Portal.Common\DevOps.Portal.Common.csproj", "{AC6D161D-CE91-4E2B-B809-C521AA79D9EF}"
EndProject
Project("{FAE04EC0-301F-11D3-BF4B-00C04F79EFBC}") = "DevOps.Portal.Tests.Integration", "DevOps.Portal.Tests.Integration\DevOps.Portal.Tests.Integration.csproj", "{924F761F-A683-427E-8698-50AD9DCAEC65}"
EndProject
Project("{FAE04EC0-301F-11D3-BF4B-00C04F79EFBC}") = "DevOps.Portal.Data", "DevOps.Portal.Data\DevOps.Portal.Data.csproj", "{397CFAAD-29F3-41CE-9225-25FCF5451D18}"
EndProject
Project("{9A19103F-16F7-4668-BE54-9A1E7A4F7556}") = "DevOps.Portal.Web", "DevOps.Portal.Web\DevOps.Portal.Web.csproj", "{57B65D3E-05AC-4444-A884-753250219FD0}"
EndProject
Project("{9A19103F-16F7-4668-BE54-9A1E7A4F7556}") = "DevOps.Portal.Core.Infrastructure", "DevOps.Portal.Core.Infrastructure\DevOps.Portal.Core.Infrastructure.csproj", "{5D328B47-F23C-4942-83C6-E9DCBFDAEF88}"
EndProject
Project("{9A19103F-16F7-4668-BE54-9A1E7A4F7556}") = "DevOps.Portal.Core.Domain", "DevOps.Portal.Core.Domain\DevOps.Portal.Core.Domain.csproj", "{653BF3BB-4DAA-4614-842A-A8254679445B}"
EndProject
Project("{9A19103F-16F7-4668-BE54-9A1E7A4F7556}") = "DevOps.Portal.Core.Application", "DevOps.Portal.Core.Application\DevOps.Portal.Core.Application.csproj", "{882BBF2F-FED4-4504-885F-C7DDB046E155}"
EndProject
Project("{FAE04EC0-301F-11D3-BF4B-00C04F79EFBC}") = "DevOps.Portal.Api", "DevOps.Portal.Api\DevOps.Portal.Api.csproj", "{718D203B-59AD-461A-9B74-52C2002A560B}"
EndProject
Project("{FAE04EC0-301F-11D3-BF4B-00C04F79EFBC}") = "DevOps.Portal.Client", "DevOps.Portal.Client\DevOps.Portal.Client.csproj", "{F991634E-1E5D-4B56-8A07-1E09C3956963}"
EndProject
Global
	GlobalSection(SolutionConfigurationPlatforms) = preSolution
		Debug|Any CPU = Debug|Any CPU
		Release|Any CPU = Release|Any CPU
	EndGlobalSection
	GlobalSection(ProjectConfigurationPlatforms) = postSolution
		{CB2C84C3-F5DB-48BA-81D4-DD2277E4FF26}.Debug|Any CPU.ActiveCfg = Debug|Any CPU
		{CB2C84C3-F5DB-48BA-81D4-DD2277E4FF26}.Debug|Any CPU.Build.0 = Debug|Any CPU
		{CB2C84C3-F5DB-48BA-81D4-DD2277E4FF26}.Release|Any CPU.ActiveCfg = Release|Any CPU
		{CB2C84C3-F5DB-48BA-81D4-DD2277E4FF26}.Release|Any CPU.Build.0 = Release|Any CPU
		{B53D0459-D19C-42CF-B8E6-72A3DB6176CE}.Debug|Any CPU.ActiveCfg = Debug|Any CPU
		{B53D0459-D19C-42CF-B8E6-72A3DB6176CE}.Debug|Any CPU.Build.0 = Debug|Any CPU
		{B53D0459-D19C-42CF-B8E6-72A3DB6176CE}.Release|Any CPU.ActiveCfg = Release|Any CPU
		{B53D0459-D19C-42CF-B8E6-72A3DB6176CE}.Release|Any CPU.Build.0 = Release|Any CPU
		{4A78A1ED-910C-4C6B-8F73-46A11993C215}.Debug|Any CPU.ActiveCfg = Debug|Any CPU
		{4A78A1ED-910C-4C6B-8F73-46A11993C215}.Debug|Any CPU.Build.0 = Debug|Any CPU
		{4A78A1ED-910C-4C6B-8F73-46A11993C215}.Release|Any CPU.ActiveCfg = Release|Any CPU
		{4A78A1ED-910C-4C6B-8F73-46A11993C215}.Release|Any CPU.Build.0 = Release|Any CPU
		{3F3AC37B-ED9E-475A-99B2-288BFE34CB61}.Debug|Any CPU.ActiveCfg = Debug|Any CPU
		{3F3AC37B-ED9E-475A-99B2-288BFE34CB61}.Debug|Any CPU.Build.0 = Debug|Any CPU
		{3F3AC37B-ED9E-475A-99B2-288BFE34CB61}.Release|Any CPU.ActiveCfg = Release|Any CPU
		{3F3AC37B-ED9E-475A-99B2-288BFE34CB61}.Release|Any CPU.Build.0 = Release|Any CPU
		{AC6D161D-CE91-4E2B-B809-C521AA79D9EF}.Debug|Any CPU.ActiveCfg = Debug|Any CPU
		{AC6D161D-CE91-4E2B-B809-C521AA79D9EF}.Debug|Any CPU.Build.0 = Debug|Any CPU
		{AC6D161D-CE91-4E2B-B809-C521AA79D9EF}.Release|Any CPU.ActiveCfg = Release|Any CPU
		{AC6D161D-CE91-4E2B-B809-C521AA79D9EF}.Release|Any CPU.Build.0 = Release|Any CPU
		{924F761F-A683-427E-8698-50AD9DCAEC65}.Debug|Any CPU.ActiveCfg = Debug|Any CPU
		{924F761F-A683-427E-8698-50AD9DCAEC65}.Debug|Any CPU.Build.0 = Debug|Any CPU
		{924F761F-A683-427E-8698-50AD9DCAEC65}.Release|Any CPU.ActiveCfg = Release|Any CPU
		{924F761F-A683-427E-8698-50AD9DCAEC65}.Release|Any CPU.Build.0 = Release|Any CPU
		{397CFAAD-29F3-41CE-9225-25FCF5451D18}.Debug|Any CPU.ActiveCfg = Debug|Any CPU
		{397CFAAD-29F3-41CE-9225-25FCF5451D18}.Debug|Any CPU.Build.0 = Debug|Any CPU
		{397CFAAD-29F3-41CE-9225-25FCF5451D18}.Release|Any CPU.ActiveCfg = Release|Any CPU
		{397CFAAD-29F3-41CE-9225-25FCF5451D18}.Release|Any CPU.Build.0 = Release|Any CPU
		{57B65D3E-05AC-4444-A884-753250219FD0}.Debug|Any CPU.ActiveCfg = Debug|Any CPU
		{57B65D3E-05AC-4444-A884-753250219FD0}.Debug|Any CPU.Build.0 = Debug|Any CPU
		{57B65D3E-05AC-4444-A884-753250219FD0}.Release|Any CPU.ActiveCfg = Release|Any CPU
		{57B65D3E-05AC-4444-A884-753250219FD0}.Release|Any CPU.Build.0 = Release|Any CPU
		{5D328B47-F23C-4942-83C6-E9DCBFDAEF88}.Debug|Any CPU.ActiveCfg = Debug|Any CPU
		{5D328B47-F23C-4942-83C6-E9DCBFDAEF88}.Debug|Any CPU.Build.0 = Debug|Any CPU
		{5D328B47-F23C-4942-83C6-E9DCBFDAEF88}.Release|Any CPU.ActiveCfg = Release|Any CPU
		{5D328B47-F23C-4942-83C6-E9DCBFDAEF88}.Release|Any CPU.Build.0 = Release|Any CPU
		{653BF3BB-4DAA-4614-842A-A8254679445B}.Debug|Any CPU.ActiveCfg = Debug|Any CPU
		{653BF3BB-4DAA-4614-842A-A8254679445B}.Debug|Any CPU.Build.0 = Debug|Any CPU
		{653BF3BB-4DAA-4614-842A-A8254679445B}.Release|Any CPU.ActiveCfg = Release|Any CPU
		{653BF3BB-4DAA-4614-842A-A8254679445B}.Release|Any CPU.Build.0 = Release|Any CPU
		{882BBF2F-FED4-4504-885F-C7DDB046E155}.Debug|Any CPU.ActiveCfg = Debug|Any CPU
		{882BBF2F-FED4-4504-885F-C7DDB046E155}.Debug|Any CPU.Build.0 = Debug|Any CPU
		{882BBF2F-FED4-4504-885F-C7DDB046E155}.Release|Any CPU.ActiveCfg = Release|Any CPU
		{882BBF2F-FED4-4504-885F-C7DDB046E155}.Release|Any CPU.Build.0 = Release|Any CPU
		{718D203B-59AD-461A-9B74-52C2002A560B}.Debug|Any CPU.ActiveCfg = Debug|Any CPU
		{718D203B-59AD-461A-9B74-52C2002A560B}.Debug|Any CPU.Build.0 = Debug|Any CPU
		{718D203B-59AD-461A-9B74-52C2002A560B}.Release|Any CPU.ActiveCfg = Release|Any CPU
		{718D203B-59AD-461A-9B74-52C2002A560B}.Release|Any CPU.Build.0 = Release|Any CPU
		{F991634E-1E5D-4B56-8A07-1E09C3956963}.Debug|Any CPU.ActiveCfg = Debug|Any CPU
		{F991634E-1E5D-4B56-8A07-1E09C3956963}.Debug|Any CPU.Build.0 = Debug|Any CPU
		{F991634E-1E5D-4B56-8A07-1E09C3956963}.Release|Any CPU.ActiveCfg = Release|Any CPU
		{F991634E-1E5D-4B56-8A07-1E09C3956963}.Release|Any CPU.Build.0 = Release|Any CPU
	EndGlobalSection
	GlobalSection(SolutionProperties) = preSolution
		HideSolutionNode = FALSE
	EndGlobalSection
	GlobalSection(ExtensibilityGlobals) = postSolution
		SolutionGuid = {B3C56BFA-B2C2-4CEB-8232-56455FEDAB83}
	EndGlobalSection
EndGlobal
