
Microsoft Visual Studio Solution File, Format Version 12.00
# Visual Studio 15
VisualStudioVersion = 15.0.26730.8
MinimumVisualStudioVersion = 10.0.40219.1
Project("{FAE04EC0-301F-11D3-BF4B-00C04F79EFBC}") = "DevOps.Portal.Web", "DevOps.Portal.Web\DevOps.Portal.Web.csproj", "{1C3744F7-5874-4127-921F-CCB25A8BAAF2}"
EndProject
Project("{2150E333-8FDC-42A3-9474-1A3956D46DE8}") = "SolutionItems", "SolutionItems", "{030C818A-D208-48F0-B560-D47507D31C93}"
	ProjectSection(SolutionItems) = preProject
		GlobalAssemblyInfo.cs = GlobalAssemblyInfo.cs
	EndProjectSection
EndProject
Project("{FAE04EC0-301F-11D3-BF4B-00C04F79EFBC}") = "DevOps.Portal.Domain", "DevOps.Portal.Domain\DevOps.Portal.Domain.csproj", "{CB2C84C3-F5DB-48BA-81D4-DD2277E4FF26}"
EndProject
Project("{FAE04EC0-301F-11D3-BF4B-00C04F79EFBC}") = "DevOps.Portal.Tests", "DevOps.Portal.Tests\DevOps.Portal.Tests.csproj", "{B53D0459-D19C-42CF-B8E6-72A3DB6176CE}"
EndProject
Project("{FAE04EC0-301F-11D3-BF4B-00C04F79EFBC}") = "DevOps.Portal.Application", "DevOps.Portal.Application\DevOps.Portal.Application.csproj", "{4A78A1ED-910C-4C6B-8F73-46A11993C215}"
EndProject
Project("{FAE04EC0-301F-11D3-BF4B-00C04F79EFBC}") = "DevOps.Portal.Infrastructure", "DevOps.Portal.Infrastructure\DevOps.Portal.Infrastructure.csproj", "{3F3AC37B-ED9E-475A-99B2-288BFE34CB61}"
EndProject
Project("{FAE04EC0-301F-11D3-BF4B-00C04F79EFBC}") = "DevOps.Portal.Common", "DevOps.Portal.Common\DevOps.Portal.Common.csproj", "{AC6D161D-CE91-4E2B-B809-C521AA79D9EF}"
EndProject
Project("{2150E333-8FDC-42A3-9474-1A3956D46DE8}") = "PowerShellScripts", "PowerShellScripts", "{E7732CE3-1EAE-4742-82A7-7D804E823D0D}"
	ProjectSection(SolutionItems) = preProject
		Clone-TemplateProject.ps1 = Clone-TemplateProject.ps1
	EndProjectSection
EndProject
Global
	GlobalSection(SolutionConfigurationPlatforms) = preSolution
		Debug|Any CPU = Debug|Any CPU
		Release|Any CPU = Release|Any CPU
	EndGlobalSection
	GlobalSection(ProjectConfigurationPlatforms) = postSolution
		{1C3744F7-5874-4127-921F-CCB25A8BAAF2}.Debug|Any CPU.ActiveCfg = Debug|Any CPU
		{1C3744F7-5874-4127-921F-CCB25A8BAAF2}.Debug|Any CPU.Build.0 = Debug|Any CPU
		{1C3744F7-5874-4127-921F-CCB25A8BAAF2}.Release|Any CPU.ActiveCfg = Release|Any CPU
		{1C3744F7-5874-4127-921F-CCB25A8BAAF2}.Release|Any CPU.Build.0 = Release|Any CPU
		{CB2C84C3-F5DB-48BA-81D4-DD2277E4FF26}.Debug|Any CPU.ActiveCfg = Debug|Any CPU
		{CB2C84C3-F5DB-48BA-81D4-DD2277E4FF26}.Debug|Any CPU.Build.0 = Debug|Any CPU
		{CB2C84C3-F5DB-48BA-81D4-DD2277E4FF26}.Release|Any CPU.ActiveCfg = Release|Any CPU
		{CB2C84C3-F5DB-48BA-81D4-DD2277E4FF26}.Release|Any CPU.Build.0 = Release|Any CPU
		{B53D0459-D19C-42CF-B8E6-72A3DB6176CE}.Debug|Any CPU.ActiveCfg = Debug|Any CPU
		{B53D0459-D19C-42CF-B8E6-72A3DB6176CE}.Debug|Any CPU.Build.0 = Debug|Any CPU
		{B53D0459-D19C-42CF-B8E6-72A3DB6176CE}.Release|Any CPU.ActiveCfg = Release|Any CPU
		{B53D0459-D19C-42CF-B8E6-72A3DB6176CE}.Release|Any CPU.Build.0 = Release|Any CPU
		{4A78A1ED-910C-4C6B-8F73-46A11993C215}.Debug|Any CPU.ActiveCfg = Debug|Any CPU
		{4A78A1ED-910C-4C6B-8F73-46A11993C215}.Debug|Any CPU.Build.0 = Debug|Any CPU
		{4A78A1ED-910C-4C6B-8F73-46A11993C215}.Release|Any CPU.ActiveCfg = Release|Any CPU
		{4A78A1ED-910C-4C6B-8F73-46A11993C215}.Release|Any CPU.Build.0 = Release|Any CPU
		{3F3AC37B-ED9E-475A-99B2-288BFE34CB61}.Debug|Any CPU.ActiveCfg = Debug|Any CPU
		{3F3AC37B-ED9E-475A-99B2-288BFE34CB61}.Debug|Any CPU.Build.0 = Debug|Any CPU
		{3F3AC37B-ED9E-475A-99B2-288BFE34CB61}.Release|Any CPU.ActiveCfg = Release|Any CPU
		{3F3AC37B-ED9E-475A-99B2-288BFE34CB61}.Release|Any CPU.Build.0 = Release|Any CPU
		{AC6D161D-CE91-4E2B-B809-C521AA79D9EF}.Debug|Any CPU.ActiveCfg = Debug|Any CPU
		{AC6D161D-CE91-4E2B-B809-C521AA79D9EF}.Debug|Any CPU.Build.0 = Debug|Any CPU
		{AC6D161D-CE91-4E2B-B809-C521AA79D9EF}.Release|Any CPU.ActiveCfg = Release|Any CPU
		{AC6D161D-CE91-4E2B-B809-C521AA79D9EF}.Release|Any CPU.Build.0 = Release|Any CPU
	EndGlobalSection
	GlobalSection(SolutionProperties) = preSolution
		HideSolutionNode = FALSE
	EndGlobalSection
	GlobalSection(ExtensibilityGlobals) = postSolution
		SolutionGuid = {B3C56BFA-B2C2-4CEB-8232-56455FEDAB83}
	EndGlobalSection
EndGlobal
